
Microsoft Visual Studio Solution File, Format Version 12.00
# Visual Studio Version 17
VisualStudioVersion = 17.14.36930.0 d17.14
MinimumVisualStudioVersion = 10.0.40219.1
Project("{FAE04EC0-301F-11D3-BF4B-00C04F79EFBC}") = "oop6", "oop6.csproj", "{C63337FE-6A82-4876-B952-3DC9240490E4}"
EndProject
Global
	GlobalSection(SolutionConfigurationPlatforms) = preSolution
		Debug|Any CPU = Debug|Any CPU
		Release|Any CPU = Release|Any CPU
	EndGlobalSection
	GlobalSection(ProjectConfigurationPlatforms) = postSolution
		{C63337FE-6A82-4876-B952-3DC9240490E4}.Debug|Any CPU.ActiveCfg = Debug|Any CPU
		{C63337FE-6A82-4876-B952-3DC9240490E4}.Debug|Any CPU.Build.0 = Debug|Any CPU
		{C63337FE-6A82-4876-B952-3DC9240490E4}.Release|Any CPU.ActiveCfg = Release|Any CPU
		{C63337FE-6A82-4876-B952-3DC9240490E4}.Release|Any CPU.Build.0 = Release|Any CPU
	EndGlobalSection
	GlobalSection(SolutionProperties) = preSolution
		HideSolutionNode = FALSE
	EndGlobalSection
	GlobalSection(ExtensibilityGlobals) = postSolution
		SolutionGuid = {5BC29BC8-0324-4345-9EC4-566970D4C4CA}
	EndGlobalSection
EndGlobal
