
Microsoft Visual Studio Solution File, Format Version 12.00
# Visual Studio Version 17
VisualStudioVersion = 17.14.36930.0 d17.14
MinimumVisualStudioVersion = 10.0.40219.1
Project("{FAE04EC0-301F-11D3-BF4B-00C04F79EFBC}") = "Task_Depi", "Task_Depi.csproj", "{47934FDB-8846-4C2D-9A06-B51EFFB7A280}"
EndProject
Global
	GlobalSection(SolutionConfigurationPlatforms) = preSolution
		Debug|Any CPU = Debug|Any CPU
		Release|Any CPU = Release|Any CPU
	EndGlobalSection
	GlobalSection(ProjectConfigurationPlatforms) = postSolution
		{47934FDB-8846-4C2D-9A06-B51EFFB7A280}.Debug|Any CPU.ActiveCfg = Debug|Any CPU
		{47934FDB-8846-4C2D-9A06-B51EFFB7A280}.Debug|Any CPU.Build.0 = Debug|Any CPU
		{47934FDB-8846-4C2D-9A06-B51EFFB7A280}.Release|Any CPU.ActiveCfg = Release|Any CPU
		{47934FDB-8846-4C2D-9A06-B51EFFB7A280}.Release|Any CPU.Build.0 = Release|Any CPU
	EndGlobalSection
	GlobalSection(SolutionProperties) = preSolution
		HideSolutionNode = FALSE
	EndGlobalSection
	GlobalSection(ExtensibilityGlobals) = postSolution
		SolutionGuid = {91DFDE03-011D-4890-ADCB-99635D40675E}
	EndGlobalSection
EndGlobal
